
Microsoft Visual Studio Solution File, Format Version 12.00
# Visual Studio 15
VisualStudioVersion = 15.0.27130.2024
MinimumVisualStudioVersion = 10.0.40219.1
Project("{8BC9CEB8-8B4A-11D0-8D11-00A0C91BC942}") = "baekjoon_2738", "baekjoon_2738\baekjoon_2738.vcxproj", "{DA12FC67-56BC-4D34-858A-BBC3B59F0B18}"
EndProject
Global
	GlobalSection(SolutionConfigurationPlatforms) = preSolution
		Debug|x64 = Debug|x64
		Debug|x86 = Debug|x86
		Release|x64 = Release|x64
		Release|x86 = Release|x86
	EndGlobalSection
	GlobalSection(ProjectConfigurationPlatforms) = postSolution
		{DA12FC67-56BC-4D34-858A-BBC3B59F0B18}.Debug|x64.ActiveCfg = Debug|x64
		{DA12FC67-56BC-4D34-858A-BBC3B59F0B18}.Debug|x64.Build.0 = Debug|x64
		{DA12FC67-56BC-4D34-858A-BBC3B59F0B18}.Debug|x86.ActiveCfg = Debug|Win32
		{DA12FC67-56BC-4D34-858A-BBC3B59F0B18}.Debug|x86.Build.0 = Debug|Win32
		{DA12FC67-56BC-4D34-858A-BBC3B59F0B18}.Release|x64.ActiveCfg = Release|x64
		{DA12FC67-56BC-4D34-858A-BBC3B59F0B18}.Release|x64.Build.0 = Release|x64
		{DA12FC67-56BC-4D34-858A-BBC3B59F0B18}.Release|x86.ActiveCfg = Release|Win32
		{DA12FC67-56BC-4D34-858A-BBC3B59F0B18}.Release|x86.Build.0 = Release|Win32
	EndGlobalSection
	GlobalSection(SolutionProperties) = preSolution
		HideSolutionNode = FALSE
	EndGlobalSection
	GlobalSection(ExtensibilityGlobals) = postSolution
		SolutionGuid = {75C9D255-1F8D-4ECE-9A37-1E340D6BE3E3}
	EndGlobalSection
EndGlobal
